// !$*UTF8*$!
{
	archiveVersion = 1;
	classes = {
	};
	objectVersion = 55;
	objects = {

/* Begin PBXBuildFile section */
		4FBBFC070EE1A0A9671CCFED /* Pods_NEWS.framework in Frameworks */ = {isa = PBXBuildFile; fileRef = F396783EE971A9A8F054E06C /* Pods_NEWS.framework */; };
		A40754D52881032C00C1A678 /* AppDelegate.swift in Sources */ = {isa = PBXBuildFile; fileRef = A40754D42881032C00C1A678 /* AppDelegate.swift */; };
		A40754D92881032C00C1A678 /* ViewController.swift in Sources */ = {isa = PBXBuildFile; fileRef = A40754D82881032C00C1A678 /* ViewController.swift */; };
		A40754DE2881032E00C1A678 /* Assets.xcassets in Resources */ = {isa = PBXBuildFile; fileRef = A40754DD2881032E00C1A678 /* Assets.xcassets */; };
		A40754E12881032E00C1A678 /* LaunchScreen.storyboard in Resources */ = {isa = PBXBuildFile; fileRef = A40754DF2881032E00C1A678 /* LaunchScreen.storyboard */; };
		A46A68EF2881059A007923E1 /* HomeViewController.swift in Sources */ = {isa = PBXBuildFile; fileRef = A46A68EE2881059A007923E1 /* HomeViewController.swift */; };
		A46A68F3288105FB007923E1 /* APIError.swift in Sources */ = {isa = PBXBuildFile; fileRef = A46A68F2288105FB007923E1 /* APIError.swift */; };
		A46A68F52881060F007923E1 /* APIService.swift in Sources */ = {isa = PBXBuildFile; fileRef = A46A68F42881060F007923E1 /* APIService.swift */; };
		A46A68F72881062F007923E1 /* APISession.swift in Sources */ = {isa = PBXBuildFile; fileRef = A46A68F62881062F007923E1 /* APISession.swift */; };
		A46A68FA28810680007923E1 /* URLRequest+Ext.swift in Sources */ = {isa = PBXBuildFile; fileRef = A46A68F928810680007923E1 /* URLRequest+Ext.swift */; };
		A46A68FC288106AA007923E1 /* APIHeader.swift in Sources */ = {isa = PBXBuildFile; fileRef = A46A68FB288106AA007923E1 /* APIHeader.swift */; };
		A46A68FF288106E4007923E1 /* TypeAliases.swift in Sources */ = {isa = PBXBuildFile; fileRef = A46A68FE288106E4007923E1 /* TypeAliases.swift */; };
		A46A690228810786007923E1 /* Endpoint.swift in Sources */ = {isa = PBXBuildFile; fileRef = A46A690128810786007923E1 /* Endpoint.swift */; };
		A46A6904288107A2007923E1 /* APIVersion.swift in Sources */ = {isa = PBXBuildFile; fileRef = A46A6903288107A2007923E1 /* APIVersion.swift */; };
		A46A6906288107C9007923E1 /* String+Ext.swift in Sources */ = {isa = PBXBuildFile; fileRef = A46A6905288107C9007923E1 /* String+Ext.swift */; };
		A46A690B2881089B007923E1 /* EndpointV2TopHeadlines.swift in Sources */ = {isa = PBXBuildFile; fileRef = A46A690A2881089B007923E1 /* EndpointV2TopHeadlines.swift */; };
		A46A690E2881094C007923E1 /* DtoV2GetTopHeadlinesQuery.swift in Sources */ = {isa = PBXBuildFile; fileRef = A46A690D2881094C007923E1 /* DtoV2GetTopHeadlinesQuery.swift */; };
		A46A6910288109C7007923E1 /* APIKey.swift in Sources */ = {isa = PBXBuildFile; fileRef = A46A690F288109C7007923E1 /* APIKey.swift */; };
		A46A691328810A21007923E1 /* DtoQuery.swift in Sources */ = {isa = PBXBuildFile; fileRef = A46A691228810A21007923E1 /* DtoQuery.swift */; };
		A46A691628810BA6007923E1 /* Service.swift in Sources */ = {isa = PBXBuildFile; fileRef = A46A691528810BA6007923E1 /* Service.swift */; };
		A46A691A28810BEE007923E1 /* ServiceV2TopHeadlines.swift in Sources */ = {isa = PBXBuildFile; fileRef = A46A691928810BEE007923E1 /* ServiceV2TopHeadlines.swift */; };
		A46A691F28810C71007923E1 /* ModelReesponseV2GetNews.swift in Sources */ = {isa = PBXBuildFile; fileRef = A46A691E28810C71007923E1 /* ModelReesponseV2GetNews.swift */; };
		A46A692128810C8E007923E1 /* ModelReesponseV2GetArticle.swift in Sources */ = {isa = PBXBuildFile; fileRef = A46A692028810C8E007923E1 /* ModelReesponseV2GetArticle.swift */; };
		A46A692328810C9F007923E1 /* ModelReesponseV2GetSource.swift in Sources */ = {isa = PBXBuildFile; fileRef = A46A692228810C9F007923E1 /* ModelReesponseV2GetSource.swift */; };
		A46A692528810EA8007923E1 /* HomeTableViewCell.swift in Sources */ = {isa = PBXBuildFile; fileRef = A46A692428810EA8007923E1 /* HomeTableViewCell.swift */; };
		A46A69272881133C007923E1 /* Array+Ext.swift in Sources */ = {isa = PBXBuildFile; fileRef = A46A69262881133C007923E1 /* Array+Ext.swift */; };
/* End PBXBuildFile section */

/* Begin PBXFileReference section */
		A40754D12881032C00C1A678 /* NEWS.app */ = {isa = PBXFileReference; explicitFileType = wrapper.application; includeInIndex = 0; path = NEWS.app; sourceTree = BUILT_PRODUCTS_DIR; };
		A40754D42881032C00C1A678 /* AppDelegate.swift */ = {isa = PBXFileReference; lastKnownFileType = sourcecode.swift; path = AppDelegate.swift; sourceTree = "<group>"; };
		A40754D82881032C00C1A678 /* ViewController.swift */ = {isa = PBXFileReference; lastKnownFileType = sourcecode.swift; path = ViewController.swift; sourceTree = "<group>"; };
		A40754DD2881032E00C1A678 /* Assets.xcassets */ = {isa = PBXFileReference; lastKnownFileType = folder.assetcatalog; path = Assets.xcassets; sourceTree = "<group>"; };
		A40754E02881032E00C1A678 /* Base */ = {isa = PBXFileReference; lastKnownFileType = file.storyboard; name = Base; path = Base.lproj/LaunchScreen.storyboard; sourceTree = "<group>"; };
		A40754E22881032E00C1A678 /* Info.plist */ = {isa = PBXFileReference; lastKnownFileType = text.plist.xml; path = Info.plist; sourceTree = "<group>"; };
		A46A68EE2881059A007923E1 /* HomeViewController.swift */ = {isa = PBXFileReference; lastKnownFileType = sourcecode.swift; path = HomeViewController.swift; sourceTree = "<group>"; };
		A46A68F2288105FB007923E1 /* APIError.swift */ = {isa = PBXFileReference; lastKnownFileType = sourcecode.swift; path = APIError.swift; sourceTree = "<group>"; };
		A46A68F42881060F007923E1 /* APIService.swift */ = {isa = PBXFileReference; lastKnownFileType = sourcecode.swift; path = APIService.swift; sourceTree = "<group>"; };
		A46A68F62881062F007923E1 /* APISession.swift */ = {isa = PBXFileReference; lastKnownFileType = sourcecode.swift; path = APISession.swift; sourceTree = "<group>"; };
		A46A68F928810680007923E1 /* URLRequest+Ext.swift */ = {isa = PBXFileReference; lastKnownFileType = sourcecode.swift; path = "URLRequest+Ext.swift"; sourceTree = "<group>"; };
		A46A68FB288106AA007923E1 /* APIHeader.swift */ = {isa = PBXFileReference; lastKnownFileType = sourcecode.swift; path = APIHeader.swift; sourceTree = "<group>"; };
		A46A68FE288106E4007923E1 /* TypeAliases.swift */ = {isa = PBXFileReference; lastKnownFileType = sourcecode.swift; path = TypeAliases.swift; sourceTree = "<group>"; };
		A46A690128810786007923E1 /* Endpoint.swift */ = {isa = PBXFileReference; lastKnownFileType = sourcecode.swift; path = Endpoint.swift; sourceTree = "<group>"; };
		A46A6903288107A2007923E1 /* APIVersion.swift */ = {isa = PBXFileReference; lastKnownFileType = sourcecode.swift; path = APIVersion.swift; sourceTree = "<group>"; };
		A46A6905288107C9007923E1 /* String+Ext.swift */ = {isa = PBXFileReference; lastKnownFileType = sourcecode.swift; path = "String+Ext.swift"; sourceTree = "<group>"; };
		A46A690A2881089B007923E1 /* EndpointV2TopHeadlines.swift */ = {isa = PBXFileReference; lastKnownFileType = sourcecode.swift; path = EndpointV2TopHeadlines.swift; sourceTree = "<group>"; };
		A46A690D2881094C007923E1 /* DtoV2GetTopHeadlinesQuery.swift */ = {isa = PBXFileReference; lastKnownFileType = sourcecode.swift; path = DtoV2GetTopHeadlinesQuery.swift; sourceTree = "<group>"; };
		A46A690F288109C7007923E1 /* APIKey.swift */ = {isa = PBXFileReference; lastKnownFileType = sourcecode.swift; path = APIKey.swift; sourceTree = "<group>"; };
		A46A691228810A21007923E1 /* DtoQuery.swift */ = {isa = PBXFileReference; lastKnownFileType = sourcecode.swift; path = DtoQuery.swift; sourceTree = "<group>"; };
		A46A691528810BA6007923E1 /* Service.swift */ = {isa = PBXFileReference; lastKnownFileType = sourcecode.swift; path = Service.swift; sourceTree = "<group>"; };
		A46A691928810BEE007923E1 /* ServiceV2TopHeadlines.swift */ = {isa = PBXFileReference; lastKnownFileType = sourcecode.swift; path = ServiceV2TopHeadlines.swift; sourceTree = "<group>"; };
		A46A691E28810C71007923E1 /* ModelReesponseV2GetNews.swift */ = {isa = PBXFileReference; lastKnownFileType = sourcecode.swift; path = ModelReesponseV2GetNews.swift; sourceTree = "<group>"; };
		A46A692028810C8E007923E1 /* ModelReesponseV2GetArticle.swift */ = {isa = PBXFileReference; lastKnownFileType = sourcecode.swift; path = ModelReesponseV2GetArticle.swift; sourceTree = "<group>"; };
		A46A692228810C9F007923E1 /* ModelReesponseV2GetSource.swift */ = {isa = PBXFileReference; lastKnownFileType = sourcecode.swift; path = ModelReesponseV2GetSource.swift; sourceTree = "<group>"; };
		A46A692428810EA8007923E1 /* HomeTableViewCell.swift */ = {isa = PBXFileReference; lastKnownFileType = sourcecode.swift; path = HomeTableViewCell.swift; sourceTree = "<group>"; };
		A46A69262881133C007923E1 /* Array+Ext.swift */ = {isa = PBXFileReference; lastKnownFileType = sourcecode.swift; path = "Array+Ext.swift"; sourceTree = "<group>"; };
		C3EACCE943160F0883B94383 /* Pods-NEWS.release.xcconfig */ = {isa = PBXFileReference; includeInIndex = 1; lastKnownFileType = text.xcconfig; name = "Pods-NEWS.release.xcconfig"; path = "Target Support Files/Pods-NEWS/Pods-NEWS.release.xcconfig"; sourceTree = "<group>"; };
		EF2AD8C16082D2B60407974D /* Pods-NEWS.debug.xcconfig */ = {isa = PBXFileReference; includeInIndex = 1; lastKnownFileType = text.xcconfig; name = "Pods-NEWS.debug.xcconfig"; path = "Target Support Files/Pods-NEWS/Pods-NEWS.debug.xcconfig"; sourceTree = "<group>"; };
		F396783EE971A9A8F054E06C /* Pods_NEWS.framework */ = {isa = PBXFileReference; explicitFileType = wrapper.framework; includeInIndex = 0; path = Pods_NEWS.framework; sourceTree = BUILT_PRODUCTS_DIR; };
/* End PBXFileReference section */

/* Begin PBXFrameworksBuildPhase section */
		A40754CE2881032C00C1A678 /* Frameworks */ = {
			isa = PBXFrameworksBuildPhase;
			buildActionMask = 2147483647;
			files = (
				4FBBFC070EE1A0A9671CCFED /* Pods_NEWS.framework in Frameworks */,
			);
			runOnlyForDeploymentPostprocessing = 0;
		};
/* End PBXFrameworksBuildPhase section */

/* Begin PBXGroup section */
		25E5AA957B1C75479A8D8BE4 /* Pods */ = {
			isa = PBXGroup;
			children = (
				EF2AD8C16082D2B60407974D /* Pods-NEWS.debug.xcconfig */,
				C3EACCE943160F0883B94383 /* Pods-NEWS.release.xcconfig */,
			);
			path = Pods;
			sourceTree = "<group>";
		};
		A40754C82881032C00C1A678 = {
			isa = PBXGroup;
			children = (
				A40754D32881032C00C1A678 /* NEWS */,
				A40754D22881032C00C1A678 /* Products */,
				25E5AA957B1C75479A8D8BE4 /* Pods */,
				CC8C01BAF2A8318A3F1248A4 /* Frameworks */,
			);
			sourceTree = "<group>";
		};
		A40754D22881032C00C1A678 /* Products */ = {
			isa = PBXGroup;
			children = (
				A40754D12881032C00C1A678 /* NEWS.app */,
			);
			name = Products;
			sourceTree = "<group>";
		};
		A40754D32881032C00C1A678 /* NEWS */ = {
			isa = PBXGroup;
			children = (
				A46A68E8288104CC007923E1 /* Application */,
				A46A68F0288105D7007923E1 /* Core */,
				A46A690C2881092C007923E1 /* Dto */,
				A46A691B28810C26007923E1 /* Models */,
				A46A68E9288104D3007923E1 /* Resources */,
				A46A68EB288104E6007923E1 /* Scenes */,
			);
			path = NEWS;
			sourceTree = "<group>";
		};
		A46A68E8288104CC007923E1 /* Application */ = {
			isa = PBXGroup;
			children = (
				A40754D42881032C00C1A678 /* AppDelegate.swift */,
			);
			path = Application;
			sourceTree = "<group>";
		};
		A46A68E9288104D3007923E1 /* Resources */ = {
			isa = PBXGroup;
			children = (
				A40754DD2881032E00C1A678 /* Assets.xcassets */,
				A40754E22881032E00C1A678 /* Info.plist */,
				A40754DF2881032E00C1A678 /* LaunchScreen.storyboard */,
			);
			name = Resources;
			sourceTree = "<group>";
		};
		A46A68EB288104E6007923E1 /* Scenes */ = {
			isa = PBXGroup;
			children = (
				A46A68EC288104F1007923E1 /* Home */,
				A46A68ED288104F7007923E1 /* Shared */,
			);
			path = Scenes;
			sourceTree = "<group>";
		};
		A46A68EC288104F1007923E1 /* Home */ = {
			isa = PBXGroup;
			children = (
				A46A68EE2881059A007923E1 /* HomeViewController.swift */,
				A46A692428810EA8007923E1 /* HomeTableViewCell.swift */,
			);
			path = Home;
			sourceTree = "<group>";
		};
		A46A68ED288104F7007923E1 /* Shared */ = {
			isa = PBXGroup;
			children = (
				A40754D82881032C00C1A678 /* ViewController.swift */,
			);
			path = Shared;
			sourceTree = "<group>";
		};
		A46A68F0288105D7007923E1 /* Core */ = {
			isa = PBXGroup;
			children = (
				A46A68F1288105EC007923E1 /* API */,
				A46A69002881077B007923E1 /* Endpoints */,
				A46A68F828810675007923E1 /* Extensions */,
				A46A690728810865007923E1 /* Services */,
				A46A68FD288106DE007923E1 /* Shared */,
			);
			path = Core;
			sourceTree = "<group>";
		};
		A46A68F1288105EC007923E1 /* API */ = {
			isa = PBXGroup;
			children = (
				A46A68F2288105FB007923E1 /* APIError.swift */,
				A46A68FB288106AA007923E1 /* APIHeader.swift */,
				A46A690F288109C7007923E1 /* APIKey.swift */,
				A46A68F42881060F007923E1 /* APIService.swift */,
				A46A68F62881062F007923E1 /* APISession.swift */,
				A46A6903288107A2007923E1 /* APIVersion.swift */,
			);
			path = API;
			sourceTree = "<group>";
		};
		A46A68F828810675007923E1 /* Extensions */ = {
			isa = PBXGroup;
			children = (
				A46A69262881133C007923E1 /* Array+Ext.swift */,
				A46A6905288107C9007923E1 /* String+Ext.swift */,
				A46A68F928810680007923E1 /* URLRequest+Ext.swift */,
			);
			path = Extensions;
			sourceTree = "<group>";
		};
		A46A68FD288106DE007923E1 /* Shared */ = {
			isa = PBXGroup;
			children = (
				A46A68FE288106E4007923E1 /* TypeAliases.swift */,
			);
			path = Shared;
			sourceTree = "<group>";
		};
		A46A69002881077B007923E1 /* Endpoints */ = {
			isa = PBXGroup;
			children = (
				A46A690128810786007923E1 /* Endpoint.swift */,
				A46A690A2881089B007923E1 /* EndpointV2TopHeadlines.swift */,
			);
			path = Endpoints;
			sourceTree = "<group>";
		};
		A46A690728810865007923E1 /* Services */ = {
			isa = PBXGroup;
			children = (
				A46A691428810BA2007923E1 /* Shared */,
				A46A691728810BCD007923E1 /* V2 */,
			);
			path = Services;
			sourceTree = "<group>";
		};
		A46A690C2881092C007923E1 /* Dto */ = {
			isa = PBXGroup;
			children = (
				A46A691128810A11007923E1 /* Shared */,
				A46A691828810BD1007923E1 /* V2 */,
			);
			path = Dto;
			sourceTree = "<group>";
		};
		A46A691128810A11007923E1 /* Shared */ = {
			isa = PBXGroup;
			children = (
				A46A691228810A21007923E1 /* DtoQuery.swift */,
			);
			path = Shared;
			sourceTree = "<group>";
		};
		A46A691428810BA2007923E1 /* Shared */ = {
			isa = PBXGroup;
			children = (
				A46A691528810BA6007923E1 /* Service.swift */,
			);
			path = Shared;
			sourceTree = "<group>";
		};
		A46A691728810BCD007923E1 /* V2 */ = {
			isa = PBXGroup;
			children = (
				A46A691928810BEE007923E1 /* ServiceV2TopHeadlines.swift */,
			);
			path = V2;
			sourceTree = "<group>";
		};
		A46A691828810BD1007923E1 /* V2 */ = {
			isa = PBXGroup;
			children = (
				A46A690D2881094C007923E1 /* DtoV2GetTopHeadlinesQuery.swift */,
			);
			path = V2;
			sourceTree = "<group>";
		};
		A46A691B28810C26007923E1 /* Models */ = {
			isa = PBXGroup;
			children = (
				A46A691D28810C50007923E1 /* V2 */,
			);
			path = Models;
			sourceTree = "<group>";
		};
		A46A691C28810C44007923E1 /* Responses */ = {
			isa = PBXGroup;
			children = (
				A46A691E28810C71007923E1 /* ModelReesponseV2GetNews.swift */,
				A46A692028810C8E007923E1 /* ModelReesponseV2GetArticle.swift */,
				A46A692228810C9F007923E1 /* ModelReesponseV2GetSource.swift */,
			);
			path = Responses;
			sourceTree = "<group>";
		};
		A46A691D28810C50007923E1 /* V2 */ = {
			isa = PBXGroup;
			children = (
				A46A691C28810C44007923E1 /* Responses */,
			);
			path = V2;
			sourceTree = "<group>";
		};
		CC8C01BAF2A8318A3F1248A4 /* Frameworks */ = {
			isa = PBXGroup;
			children = (
				F396783EE971A9A8F054E06C /* Pods_NEWS.framework */,
			);
			name = Frameworks;
			sourceTree = "<group>";
		};
/* End PBXGroup section */

/* Begin PBXNativeTarget section */
		A40754D02881032C00C1A678 /* NEWS */ = {
			isa = PBXNativeTarget;
			buildConfigurationList = A40754E52881032E00C1A678 /* Build configuration list for PBXNativeTarget "NEWS" */;
			buildPhases = (
				1BEEDD9ACB63282F85A9AA11 /* [CP] Check Pods Manifest.lock */,
				A40754CD2881032C00C1A678 /* Sources */,
				A40754CE2881032C00C1A678 /* Frameworks */,
				A40754CF2881032C00C1A678 /* Resources */,
				9BB38679C827127619986B26 /* [CP] Embed Pods Frameworks */,
			);
			buildRules = (
			);
			dependencies = (
			);
			name = NEWS;
			productName = NEWS;
			productReference = A40754D12881032C00C1A678 /* NEWS.app */;
			productType = "com.apple.product-type.application";
		};
/* End PBXNativeTarget section */

/* Begin PBXProject section */
		A40754C92881032C00C1A678 /* Project object */ = {
			isa = PBXProject;
			attributes = {
				BuildIndependentTargetsInParallel = 1;
				LastSwiftUpdateCheck = 1340;
				LastUpgradeCheck = 1340;
				TargetAttributes = {
					A40754D02881032C00C1A678 = {
						CreatedOnToolsVersion = 13.4.1;
					};
				};
			};
			buildConfigurationList = A40754CC2881032C00C1A678 /* Build configuration list for PBXProject "NEWS" */;
			compatibilityVersion = "Xcode 13.0";
			developmentRegion = en;
			hasScannedForEncodings = 0;
			knownRegions = (
				en,
				Base,
			);
			mainGroup = A40754C82881032C00C1A678;
			productRefGroup = A40754D22881032C00C1A678 /* Products */;
			projectDirPath = "";
			projectRoot = "";
			targets = (
				A40754D02881032C00C1A678 /* NEWS */,
			);
		};
/* End PBXProject section */

/* Begin PBXResourcesBuildPhase section */
		A40754CF2881032C00C1A678 /* Resources */ = {
			isa = PBXResourcesBuildPhase;
			buildActionMask = 2147483647;
			files = (
				A40754E12881032E00C1A678 /* LaunchScreen.storyboard in Resources */,
				A40754DE2881032E00C1A678 /* Assets.xcassets in Resources */,
			);
			runOnlyForDeploymentPostprocessing = 0;
		};
/* End PBXResourcesBuildPhase section */

/* Begin PBXShellScriptBuildPhase section */
		1BEEDD9ACB63282F85A9AA11 /* [CP] Check Pods Manifest.lock */ = {
			isa = PBXShellScriptBuildPhase;
			buildActionMask = 2147483647;
			files = (
			);
			inputFileListPaths = (
			);
			inputPaths = (
				"${PODS_PODFILE_DIR_PATH}/Podfile.lock",
				"${PODS_ROOT}/Manifest.lock",
			);
			name = "[CP] Check Pods Manifest.lock";
			outputFileListPaths = (
			);
			outputPaths = (
				"$(DERIVED_FILE_DIR)/Pods-NEWS-checkManifestLockResult.txt",
			);
			runOnlyForDeploymentPostprocessing = 0;
			shellPath = /bin/sh;
			shellScript = "diff \"${PODS_PODFILE_DIR_PATH}/Podfile.lock\" \"${PODS_ROOT}/Manifest.lock\" > /dev/null\nif [ $? != 0 ] ; then\n    # print error to STDERR\n    echo \"error: The sandbox is not in sync with the Podfile.lock. Run 'pod install' or update your CocoaPods installation.\" >&2\n    exit 1\nfi\n# This output is used by Xcode 'outputs' to avoid re-running this script phase.\necho \"SUCCESS\" > \"${SCRIPT_OUTPUT_FILE_0}\"\n";
			showEnvVarsInLog = 0;
		};
		9BB38679C827127619986B26 /* [CP] Embed Pods Frameworks */ = {
			isa = PBXShellScriptBuildPhase;
			buildActionMask = 2147483647;
			files = (
			);
			inputFileListPaths = (
				"${PODS_ROOT}/Target Support Files/Pods-NEWS/Pods-NEWS-frameworks-${CONFIGURATION}-input-files.xcfilelist",
			);
			name = "[CP] Embed Pods Frameworks";
			outputFileListPaths = (
				"${PODS_ROOT}/Target Support Files/Pods-NEWS/Pods-NEWS-frameworks-${CONFIGURATION}-output-files.xcfilelist",
			);
			runOnlyForDeploymentPostprocessing = 0;
			shellPath = /bin/sh;
			shellScript = "\"${PODS_ROOT}/Target Support Files/Pods-NEWS/Pods-NEWS-frameworks.sh\"\n";
			showEnvVarsInLog = 0;
		};
/* End PBXShellScriptBuildPhase section */

/* Begin PBXSourcesBuildPhase section */
		A40754CD2881032C00C1A678 /* Sources */ = {
			isa = PBXSourcesBuildPhase;
			buildActionMask = 2147483647;
			files = (
				A46A692128810C8E007923E1 /* ModelReesponseV2GetArticle.swift in Sources */,
				A40754D92881032C00C1A678 /* ViewController.swift in Sources */,
				A46A691A28810BEE007923E1 /* ServiceV2TopHeadlines.swift in Sources */,
				A46A68F52881060F007923E1 /* APIService.swift in Sources */,
				A46A68F3288105FB007923E1 /* APIError.swift in Sources */,
				A46A68FF288106E4007923E1 /* TypeAliases.swift in Sources */,
				A46A6910288109C7007923E1 /* APIKey.swift in Sources */,
				A46A690228810786007923E1 /* Endpoint.swift in Sources */,
				A46A691328810A21007923E1 /* DtoQuery.swift in Sources */,
				A40754D52881032C00C1A678 /* AppDelegate.swift in Sources */,
				A46A69272881133C007923E1 /* Array+Ext.swift in Sources */,
				A46A690B2881089B007923E1 /* EndpointV2TopHeadlines.swift in Sources */,
				A46A691F28810C71007923E1 /* ModelReesponseV2GetNews.swift in Sources */,
				A46A6906288107C9007923E1 /* String+Ext.swift in Sources */,
				A46A68EF2881059A007923E1 /* HomeViewController.swift in Sources */,
				A46A691628810BA6007923E1 /* Service.swift in Sources */,
				A46A6904288107A2007923E1 /* APIVersion.swift in Sources */,
				A46A692528810EA8007923E1 /* HomeTableViewCell.swift in Sources */,
				A46A68FC288106AA007923E1 /* APIHeader.swift in Sources */,
				A46A690E2881094C007923E1 /* DtoV2GetTopHeadlinesQuery.swift in Sources */,
				A46A692328810C9F007923E1 /* ModelReesponseV2GetSource.swift in Sources */,
				A46A68FA28810680007923E1 /* URLRequest+Ext.swift in Sources */,
				A46A68F72881062F007923E1 /* APISession.swift in Sources */,
			);
			runOnlyForDeploymentPostprocessing = 0;
		};
/* End PBXSourcesBuildPhase section */

/* Begin PBXVariantGroup section */
		A40754DF2881032E00C1A678 /* LaunchScreen.storyboard */ = {
			isa = PBXVariantGroup;
			children = (
				A40754E02881032E00C1A678 /* Base */,
			);
			name = LaunchScreen.storyboard;
			sourceTree = "<group>";
		};
/* End PBXVariantGroup section */

/* Begin XCBuildConfiguration section */
		A40754E32881032E00C1A678 /* Debug */ = {
			isa = XCBuildConfiguration;
			buildSettings = {
				ALWAYS_SEARCH_USER_PATHS = NO;
				CLANG_ANALYZER_NONNULL = YES;
				CLANG_ANALYZER_NUMBER_OBJECT_CONVERSION = YES_AGGRESSIVE;
				CLANG_CXX_LANGUAGE_STANDARD = "gnu++17";
				CLANG_ENABLE_MODULES = YES;
				CLANG_ENABLE_OBJC_ARC = YES;
				CLANG_ENABLE_OBJC_WEAK = YES;
				CLANG_WARN_BLOCK_CAPTURE_AUTORELEASING = YES;
				CLANG_WARN_BOOL_CONVERSION = YES;
				CLANG_WARN_COMMA = YES;
				CLANG_WARN_CONSTANT_CONVERSION = YES;
				CLANG_WARN_DEPRECATED_OBJC_IMPLEMENTATIONS = YES;
				CLANG_WARN_DIRECT_OBJC_ISA_USAGE = YES_ERROR;
				CLANG_WARN_DOCUMENTATION_COMMENTS = YES;
				CLANG_WARN_EMPTY_BODY = YES;
				CLANG_WARN_ENUM_CONVERSION = YES;
				CLANG_WARN_INFINITE_RECURSION = YES;
				CLANG_WARN_INT_CONVERSION = YES;
				CLANG_WARN_NON_LITERAL_NULL_CONVERSION = YES;
				CLANG_WARN_OBJC_IMPLICIT_RETAIN_SELF = YES;
				CLANG_WARN_OBJC_LITERAL_CONVERSION = YES;
				CLANG_WARN_OBJC_ROOT_CLASS = YES_ERROR;
				CLANG_WARN_QUOTED_INCLUDE_IN_FRAMEWORK_HEADER = YES;
				CLANG_WARN_RANGE_LOOP_ANALYSIS = YES;
				CLANG_WARN_STRICT_PROTOTYPES = YES;
				CLANG_WARN_SUSPICIOUS_MOVE = YES;
				CLANG_WARN_UNGUARDED_AVAILABILITY = YES_AGGRESSIVE;
				CLANG_WARN_UNREACHABLE_CODE = YES;
				CLANG_WARN__DUPLICATE_METHOD_MATCH = YES;
				COPY_PHASE_STRIP = NO;
				DEBUG_INFORMATION_FORMAT = dwarf;
				ENABLE_STRICT_OBJC_MSGSEND = YES;
				ENABLE_TESTABILITY = YES;
				GCC_C_LANGUAGE_STANDARD = gnu11;
				GCC_DYNAMIC_NO_PIC = NO;
				GCC_NO_COMMON_BLOCKS = YES;
				GCC_OPTIMIZATION_LEVEL = 0;
				GCC_PREPROCESSOR_DEFINITIONS = (
					"DEBUG=1",
					"$(inherited)",
				);
				GCC_WARN_64_TO_32_BIT_CONVERSION = YES;
				GCC_WARN_ABOUT_RETURN_TYPE = YES_ERROR;
				GCC_WARN_UNDECLARED_SELECTOR = YES;
				GCC_WARN_UNINITIALIZED_AUTOS = YES_AGGRESSIVE;
				GCC_WARN_UNUSED_FUNCTION = YES;
				GCC_WARN_UNUSED_VARIABLE = YES;
				IPHONEOS_DEPLOYMENT_TARGET = 12.0;
				MTL_ENABLE_DEBUG_INFO = INCLUDE_SOURCE;
				MTL_FAST_MATH = YES;
				ONLY_ACTIVE_ARCH = YES;
				SDKROOT = iphoneos;
				SWIFT_ACTIVE_COMPILATION_CONDITIONS = DEBUG;
				SWIFT_OPTIMIZATION_LEVEL = "-Onone";
			};
			name = Debug;
		};
		A40754E42881032E00C1A678 /* Release */ = {
			isa = XCBuildConfiguration;
			buildSettings = {
				ALWAYS_SEARCH_USER_PATHS = NO;
				CLANG_ANALYZER_NONNULL = YES;
				CLANG_ANALYZER_NUMBER_OBJECT_CONVERSION = YES_AGGRESSIVE;
				CLANG_CXX_LANGUAGE_STANDARD = "gnu++17";
				CLANG_ENABLE_MODULES = YES;
				CLANG_ENABLE_OBJC_ARC = YES;
				CLANG_ENABLE_OBJC_WEAK = YES;
				CLANG_WARN_BLOCK_CAPTURE_AUTORELEASING = YES;
				CLANG_WARN_BOOL_CONVERSION = YES;
				CLANG_WARN_COMMA = YES;
				CLANG_WARN_CONSTANT_CONVERSION = YES;
				CLANG_WARN_DEPRECATED_OBJC_IMPLEMENTATIONS = YES;
				CLANG_WARN_DIRECT_OBJC_ISA_USAGE = YES_ERROR;
				CLANG_WARN_DOCUMENTATION_COMMENTS = YES;
				CLANG_WARN_EMPTY_BODY = YES;
				CLANG_WARN_ENUM_CONVERSION = YES;
				CLANG_WARN_INFINITE_RECURSION = YES;
				CLANG_WARN_INT_CONVERSION = YES;
				CLANG_WARN_NON_LITERAL_NULL_CONVERSION = YES;
				CLANG_WARN_OBJC_IMPLICIT_RETAIN_SELF = YES;
				CLANG_WARN_OBJC_LITERAL_CONVERSION = YES;
				CLANG_WARN_OBJC_ROOT_CLASS = YES_ERROR;
				CLANG_WARN_QUOTED_INCLUDE_IN_FRAMEWORK_HEADER = YES;
				CLANG_WARN_RANGE_LOOP_ANALYSIS = YES;
				CLANG_WARN_STRICT_PROTOTYPES = YES;
				CLANG_WARN_SUSPICIOUS_MOVE = YES;
				CLANG_WARN_UNGUARDED_AVAILABILITY = YES_AGGRESSIVE;
				CLANG_WARN_UNREACHABLE_CODE = YES;
				CLANG_WARN__DUPLICATE_METHOD_MATCH = YES;
				COPY_PHASE_STRIP = NO;
				DEBUG_INFORMATION_FORMAT = "dwarf-with-dsym";
				ENABLE_NS_ASSERTIONS = NO;
				ENABLE_STRICT_OBJC_MSGSEND = YES;
				GCC_C_LANGUAGE_STANDARD = gnu11;
				GCC_NO_COMMON_BLOCKS = YES;
				GCC_WARN_64_TO_32_BIT_CONVERSION = YES;
				GCC_WARN_ABOUT_RETURN_TYPE = YES_ERROR;
				GCC_WARN_UNDECLARED_SELECTOR = YES;
				GCC_WARN_UNINITIALIZED_AUTOS = YES_AGGRESSIVE;
				GCC_WARN_UNUSED_FUNCTION = YES;
				GCC_WARN_UNUSED_VARIABLE = YES;
				IPHONEOS_DEPLOYMENT_TARGET = 12.0;
				MTL_ENABLE_DEBUG_INFO = NO;
				MTL_FAST_MATH = YES;
				SDKROOT = iphoneos;
				SWIFT_COMPILATION_MODE = wholemodule;
				SWIFT_OPTIMIZATION_LEVEL = "-O";
				VALIDATE_PRODUCT = YES;
			};
			name = Release;
		};
		A40754E62881032E00C1A678 /* Debug */ = {
			isa = XCBuildConfiguration;
			baseConfigurationReference = EF2AD8C16082D2B60407974D /* Pods-NEWS.debug.xcconfig */;
			buildSettings = {
				ASSETCATALOG_COMPILER_APPICON_NAME = AppIcon;
				ASSETCATALOG_COMPILER_GLOBAL_ACCENT_COLOR_NAME = AccentColor;
				CODE_SIGN_STYLE = Automatic;
				CURRENT_PROJECT_VERSION = 1;
				DEVELOPMENT_TEAM = SBMC5ACFG8;
				GENERATE_INFOPLIST_FILE = YES;
				INFOPLIST_FILE = NEWS/Info.plist;
				INFOPLIST_KEY_UIApplicationSupportsIndirectInputEvents = YES;
				INFOPLIST_KEY_UILaunchStoryboardName = LaunchScreen;
				INFOPLIST_KEY_UISupportedInterfaceOrientations_iPad = "UIInterfaceOrientationPortrait UIInterfaceOrientationPortraitUpsideDown UIInterfaceOrientationLandscapeLeft UIInterfaceOrientationLandscapeRight";
				INFOPLIST_KEY_UISupportedInterfaceOrientations_iPhone = "UIInterfaceOrientationPortrait UIInterfaceOrientationLandscapeLeft UIInterfaceOrientationLandscapeRight";
				IPHONEOS_DEPLOYMENT_TARGET = 12.0;
				LD_RUNPATH_SEARCH_PATHS = (
					"$(inherited)",
					"@executable_path/Frameworks",
				);
				MARKETING_VERSION = 1.0;
				PRODUCT_BUNDLE_IDENTIFIER = net.aaronlab.NEWS;
				PRODUCT_NAME = "$(TARGET_NAME)";
				SWIFT_EMIT_LOC_STRINGS = YES;
				SWIFT_VERSION = 5.0;
				TARGETED_DEVICE_FAMILY = "1,2";
			};
			name = Debug;
		};
		A40754E72881032E00C1A678 /* Release */ = {
			isa = XCBuildConfiguration;
			baseConfigurationReference = C3EACCE943160F0883B94383 /* Pods-NEWS.release.xcconfig */;
			buildSettings = {
				ASSETCATALOG_COMPILER_APPICON_NAME = AppIcon;
				ASSETCATALOG_COMPILER_GLOBAL_ACCENT_COLOR_NAME = AccentColor;
				CODE_SIGN_STYLE = Automatic;
				CURRENT_PROJECT_VERSION = 1;
				DEVELOPMENT_TEAM = SBMC5ACFG8;
				GENERATE_INFOPLIST_FILE = YES;
				INFOPLIST_FILE = NEWS/Info.plist;
				INFOPLIST_KEY_UIApplicationSupportsIndirectInputEvents = YES;
				INFOPLIST_KEY_UILaunchStoryboardName = LaunchScreen;
				INFOPLIST_KEY_UISupportedInterfaceOrientations_iPad = "UIInterfaceOrientationPortrait UIInterfaceOrientationPortraitUpsideDown UIInterfaceOrientationLandscapeLeft UIInterfaceOrientationLandscapeRight";
				INFOPLIST_KEY_UISupportedInterfaceOrientations_iPhone = "UIInterfaceOrientationPortrait UIInterfaceOrientationLandscapeLeft UIInterfaceOrientationLandscapeRight";
				IPHONEOS_DEPLOYMENT_TARGET = 12.0;
				LD_RUNPATH_SEARCH_PATHS = (
					"$(inherited)",
					"@executable_path/Frameworks",
				);
				MARKETING_VERSION = 1.0;
				PRODUCT_BUNDLE_IDENTIFIER = net.aaronlab.NEWS;
				PRODUCT_NAME = "$(TARGET_NAME)";
				SWIFT_EMIT_LOC_STRINGS = YES;
				SWIFT_VERSION = 5.0;
				TARGETED_DEVICE_FAMILY = "1,2";
			};
			name = Release;
		};
/* End XCBuildConfiguration section */

/* Begin XCConfigurationList section */
		A40754CC2881032C00C1A678 /* Build configuration list for PBXProject "NEWS" */ = {
			isa = XCConfigurationList;
			buildConfigurations = (
				A40754E32881032E00C1A678 /* Debug */,
				A40754E42881032E00C1A678 /* Release */,
			);
			defaultConfigurationIsVisible = 0;
			defaultConfigurationName = Release;
		};
		A40754E52881032E00C1A678 /* Build configuration list for PBXNativeTarget "NEWS" */ = {
			isa = XCConfigurationList;
			buildConfigurations = (
				A40754E62881032E00C1A678 /* Debug */,
				A40754E72881032E00C1A678 /* Release */,
			);
			defaultConfigurationIsVisible = 0;
			defaultConfigurationName = Release;
		};
/* End XCConfigurationList section */
	};
	rootObject = A40754C92881032C00C1A678 /* Project object */;
}
